// !$*UTF8*$!
{
	archiveVersion = 1;
	classes = {
	};
	objectVersion = 77;
	objects = {

/* Begin PBXBuildFile section */
		00BDC4366C009870906D436C /* ProjectFilterView.swift in Sources */ = {isa = PBXBuildFile; fileRef = 0A111B06747AA9A2D8177780 /* ProjectFilterView.swift */; };
		02EE945F8AD3C54D38AF3AD3 /* AppInstanceLockTests.swift in Sources */ = {isa = PBXBuildFile; fileRef = 8FA1EF317C800D73883DFC2C /* AppInstanceLockTests.swift */; };
		0948FC1E1A5D31A7E5814A0B /* UpdateManagerTests.swift in Sources */ = {isa = PBXBuildFile; fileRef = AAA25B7F69338FC98CB43D72 /* UpdateManagerTests.swift */; };
		0AC1DAEDF66366644F0A4E87 /* DesignPreviewView.swift in Sources */ = {isa = PBXBuildFile; fileRef = 05357E1631366B7C8718B8F6 /* DesignPreviewView.swift */; };
		0B59A8007C2E8A68599E94C7 /* GeistMono-SemiBold.otf in Resources */ = {isa = PBXBuildFile; fileRef = 03EA8E9080DCE69ACCDF43C0 /* GeistMono-SemiBold.otf */; };
		0E6A2B9A44423C54FEDF8D54 /* VercelComponents.swift in Sources */ = {isa = PBXBuildFile; fileRef = 9BFE07D66844D06F20AD581D /* VercelComponents.swift */; };
		0E7DE6B10CD24F2DF574267C /* APIClientFactory.swift in Sources */ = {isa = PBXBuildFile; fileRef = D5C9F521E1E3EFE9DE6A210A /* APIClientFactory.swift */; };
		125F140EE36EA9E53D95175D /* BrowserOption.swift in Sources */ = {isa = PBXBuildFile; fileRef = E21E89679C5915C2E0733CDB /* BrowserOption.swift */; };
		15ECB43BEC49A6087971E6D6 /* GeistMono-Bold.otf in Resources */ = {isa = PBXBuildFile; fileRef = 76D624C1F2F5097A4423F903 /* GeistMono-Bold.otf */; };
		18FEC7D78A0D3F56348E027E /* GeistMono-Medium.otf in Resources */ = {isa = PBXBuildFile; fileRef = A93E2D724C28ED3C651252C0 /* GeistMono-Medium.otf */; };
		1A7DD2FA0D8070B61C70CE6A /* RefreshStatus.swift in Sources */ = {isa = PBXBuildFile; fileRef = B4094CDDBC2EA3628B60665B /* RefreshStatus.swift */; };
		1C98A3873E036909D59D1C05 /* DeploymentRowView.swift in Sources */ = {isa = PBXBuildFile; fileRef = 9A37A799DA4EE5AFA228FAC8 /* DeploymentRowView.swift */; };
		22F56B13B7DBA9E068A9759B /* BuildLogWindowController.swift in Sources */ = {isa = PBXBuildFile; fileRef = B9C06105CE8EA488F590157B /* BuildLogWindowController.swift */; };
		24F40AF221E818DD5326EDC0 /* BrowserLauncher.swift in Sources */ = {isa = PBXBuildFile; fileRef = 8691E7898183191AC14EA0F4 /* BrowserLauncher.swift */; };
		286174B490A588F24C2DC2A0 /* TokenPairTests.swift in Sources */ = {isa = PBXBuildFile; fileRef = 3293FE31218E3DC2CDC117F6 /* TokenPairTests.swift */; };
		28FFBAFE26AA53391BE58F8A /* RelativeTimeFormatter.swift in Sources */ = {isa = PBXBuildFile; fileRef = 2E7E6D377E1EEA08D1D6076F /* RelativeTimeFormatter.swift */; };
		2C50DD7D1451E653E3945B2F /* Sparkle in Frameworks */ = {isa = PBXBuildFile; productRef = C56084FE06760F92438F2644 /* Sparkle */; };
		3381AB472014A5414B80B0FC /* AppInstanceLock.swift in Sources */ = {isa = PBXBuildFile; fileRef = DCE0A8CF4A8E3CC3B24E4BC3 /* AppInstanceLock.swift */; };
		363FD8E7CF9185723137CD23 /* AuthSessionStateMismatchTests.swift in Sources */ = {isa = PBXBuildFile; fileRef = 8FCBD7D4E6DC72573158C14D /* AuthSessionStateMismatchTests.swift */; };
		3A6B7091FB0380864D46D0DF /* SettingsStore.swift in Sources */ = {isa = PBXBuildFile; fileRef = A0B6ABBDE02520467CD38DCD /* SettingsStore.swift */; };
		3BCDBB31CD239DA53E3DCE04 /* VercelAPIClientImpl.swift in Sources */ = {isa = PBXBuildFile; fileRef = 128B13E91A3709E676BFE3A3 /* VercelAPIClientImpl.swift */; };
		3E5BE60357FFF8138D759C46 /* Geist-SemiBold.otf in Resources */ = {isa = PBXBuildFile; fileRef = D5B1455D4232CA5446EFC966 /* Geist-SemiBold.otf */; };
		3E8358BF729387745452FBBD /* CredentialStore.swift in Sources */ = {isa = PBXBuildFile; fileRef = CB93D721C2845DECD4F56363 /* CredentialStore.swift */; };
		3EAB516BDB03B34E9051A7C5 /* AppInstanceCoordinator.swift in Sources */ = {isa = PBXBuildFile; fileRef = 80353831B8A468FF5BDB798B /* AppInstanceCoordinator.swift */; };
		40771C2A28F62F4FD94F15DE /* OAuthErrorParser.swift in Sources */ = {isa = PBXBuildFile; fileRef = 6EB217019D4BCB181B46B7CC /* OAuthErrorParser.swift */; };
		437FFA62AF5ABCB26A33D9DA /* PKCE.swift in Sources */ = {isa = PBXBuildFile; fileRef = 4B8AEC6768A1FF3F68979F94 /* PKCE.swift */; };
		449BD17FEAECAA1BC4C144C0 /* NetworkMonitor.swift in Sources */ = {isa = PBXBuildFile; fileRef = 725EBFC38DB145A0952DF2BA /* NetworkMonitor.swift */; };
		4589E8CE1061806D05D7AD0D /* Geist-Regular.otf in Resources */ = {isa = PBXBuildFile; fileRef = DEA0DBA60EAB828D882EFBB1 /* Geist-Regular.otf */; };
		4A28E95EF9E04798570463FE /* StatusBarController.swift in Sources */ = {isa = PBXBuildFile; fileRef = E8733EA8F63C7DF65A4F74C2 /* StatusBarController.swift */; };
		4D094DAA237C835AF5D6C35E /* PersonalTokenView.swift in Sources */ = {isa = PBXBuildFile; fileRef = BB3938D74ABD8BE1F727CF33 /* PersonalTokenView.swift */; };
		4D0CB70D8AA3AED59CB6779C /* AppDelegateIconTests.swift in Sources */ = {isa = PBXBuildFile; fileRef = B0756C146201ACD213BB2EA6 /* AppDelegateIconTests.swift */; };
		52288D7857E8769DCFDA837B /* AppInstanceChecker.swift in Sources */ = {isa = PBXBuildFile; fileRef = ED7EFCE5A4BC80199BB0B660 /* AppInstanceChecker.swift */; };
		5286ECF071471E1ACA5C89E1 /* DebugLog.swift in Sources */ = {isa = PBXBuildFile; fileRef = 22092C7C9441DE4FCCCAEDCF /* DebugLog.swift */; };
		52B2572C4D67CDD9A19AAE95 /* URLSchemeRegistrarTests.swift in Sources */ = {isa = PBXBuildFile; fileRef = 0963716F8B805CCD9D6829D6 /* URLSchemeRegistrarTests.swift */; };
		547AA3E69B941C24A87B3AFE /* LaunchAtLoginManager.swift in Sources */ = {isa = PBXBuildFile; fileRef = 53A2468F9E31C2C6BE877D53 /* LaunchAtLoginManager.swift */; };
		5A2E38CA910D06F9FC6A3FDC /* SparkleUpdateServiceTests.swift in Sources */ = {isa = PBXBuildFile; fileRef = 93366F3648C5897F42A05FD3 /* SparkleUpdateServiceTests.swift */; };
		5F0DD48F38280E6E807BA236 /* SparkleUpdateService.swift in Sources */ = {isa = PBXBuildFile; fileRef = 89A2EFC99E9476C304BB4422 /* SparkleUpdateService.swift */; };
		60DA88A378D9D90256DBB53D /* GeistLayoutTests.swift in Sources */ = {isa = PBXBuildFile; fileRef = 7EBA24A38D2857A665795554 /* GeistLayoutTests.swift */; };
		68C7031842A9AACAC3D6093B /* SkeletonRowView.swift in Sources */ = {isa = PBXBuildFile; fileRef = 5608BA4BDFD4AA2B264617AA /* SkeletonRowView.swift */; };
		6B94C76691E0D5CB7FD32A27 /* URLSchemeRegistrar.swift in Sources */ = {isa = PBXBuildFile; fileRef = A120356EC239762F5C3874EB /* URLSchemeRegistrar.swift */; };
		6CA714FFF4B889E6E964B50C /* TokenResponseParser.swift in Sources */ = {isa = PBXBuildFile; fileRef = 5CB4FD2D12DB5A088B1C1B16 /* TokenResponseParser.swift */; };
		6D136125C55E4D6A94638486 /* Localizable.strings in Resources */ = {isa = PBXBuildFile; fileRef = 827DAA3659BC9B3DB7EEFC89 /* Localizable.strings */; };
		6D3867F2C3839A54E8811329 /* RefreshStatusStore.swift in Sources */ = {isa = PBXBuildFile; fileRef = BEA38A045D7A14692EB0E4B4 /* RefreshStatusStore.swift */; };
		6F0C058B18430A68669D3FBA /* NotificationManager.swift in Sources */ = {isa = PBXBuildFile; fileRef = 4C74D44649339F8B2D758C69 /* NotificationManager.swift */; };
		712D425D87298BA4436D56DB /* DebugLogTests.swift in Sources */ = {isa = PBXBuildFile; fileRef = 86955F9C3547E86AEBDC716D /* DebugLogTests.swift */; };
		763CF1A318C93534FE50B30C /* StatusBarControllerTests.swift in Sources */ = {isa = PBXBuildFile; fileRef = A06CECD6CA0683A7F18BD08D /* StatusBarControllerTests.swift */; };
		772DD0D1F2E21D402CA3F1CE /* AuthSessionRecoveryTests.swift in Sources */ = {isa = PBXBuildFile; fileRef = DC8F7071DCD9643BE901AC39 /* AuthSessionRecoveryTests.swift */; };
		78534F9A2622094C2ECA72A5 /* DiagnosticsView.swift in Sources */ = {isa = PBXBuildFile; fileRef = 897F5F163569ED0011975C0F /* DiagnosticsView.swift */; };
		79BDF30C435D55C184B8986C /* OAuthErrorParserTests.swift in Sources */ = {isa = PBXBuildFile; fileRef = 1AF12A33A0B5A9C517DEF67F /* OAuthErrorParserTests.swift */; };
		7F75D647E4B4500FE9FD764A /* Geist-Medium.otf in Resources */ = {isa = PBXBuildFile; fileRef = 0B8B4A447FCA15B1C5D1F6AC /* Geist-Medium.otf */; };
		7F95418D6985ADB0D7C51DB3 /* AppDelegate.swift in Sources */ = {isa = PBXBuildFile; fileRef = D06D8686A3E00B125D8A82D2 /* AppDelegate.swift */; };
		8DA1AF88BF7F33A83422F8EE /* OAuthCallbackHandler.swift in Sources */ = {isa = PBXBuildFile; fileRef = 7609E89BDA38B6AD650669F5 /* OAuthCallbackHandler.swift */; };
		8E7DA912210E03148E1DDA3F /* ProjectStoreTests.swift in Sources */ = {isa = PBXBuildFile; fileRef = 1AC3442B3EC967E019B078AE /* ProjectStoreTests.swift */; };
		9156BA75893D4F22312FAE17 /* DiagnosticsStore.swift in Sources */ = {isa = PBXBuildFile; fileRef = 0340F37229B5761DECF92CEF /* DiagnosticsStore.swift */; };
		9257299009A49D4C3F5B3AA5 /* NotificationHistoryStore.swift in Sources */ = {isa = PBXBuildFile; fileRef = CF0ADD84E0FF0D08B9AB51EC /* NotificationHistoryStore.swift */; };
		9416FF69C87E9D8F69FA3E78 /* VercelEndpoints.swift in Sources */ = {isa = PBXBuildFile; fileRef = D5D811C25E71FE8B0AA37B64 /* VercelEndpoints.swift */; };
		9429A40854B407A39ABA1202 /* GeistMono-Regular.otf in Resources */ = {isa = PBXBuildFile; fileRef = 9B2AC2C236EB048BBA5DB704 /* GeistMono-Regular.otf */; };
		94B9058959C8690A0571C775 /* VercelAPIClient.swift in Sources */ = {isa = PBXBuildFile; fileRef = 6D62BBC1D044771B370566A9 /* VercelAPIClient.swift */; };
		9C390D1109BA034C847A4C89 /* AppInstanceCoordinatorTests.swift in Sources */ = {isa = PBXBuildFile; fileRef = 9665DD5EF7FBA996E8AA0C5B /* AppInstanceCoordinatorTests.swift */; };
		9DCB3ED52E3A5B2B8EB73EA7 /* AppIcon.icns in Resources */ = {isa = PBXBuildFile; fileRef = 8E4CDB29C228D982FA6A5B8F /* AppIcon.icns */; };
		A37D16D7A2D672FD8CEE88D0 /* Geist-Bold.otf in Resources */ = {isa = PBXBuildFile; fileRef = 25DA6EDA62F478CC5A2883A3 /* Geist-Bold.otf */; };
		A8231932A59DE6F683B675ED /* GeistColorTests.swift in Sources */ = {isa = PBXBuildFile; fileRef = C7CD1905069B21140FFAE590 /* GeistColorTests.swift */; };
		ACE2C5D9EFD457621152A21F /* AuthSessionInitialStatusTests.swift in Sources */ = {isa = PBXBuildFile; fileRef = DD8D8B5BC384A6AFE64E3BC4 /* AuthSessionInitialStatusTests.swift */; };
		AF0BD596F35E0BAE420B67C3 /* LogLine.swift in Sources */ = {isa = PBXBuildFile; fileRef = 5229DC62ADDAB8F632AD0FC4 /* LogLine.swift */; };
		B174933ED6DF56DE957CF540 /* AuthSessionStateStore.swift in Sources */ = {isa = PBXBuildFile; fileRef = 0141273F800345B6BF035DF3 /* AuthSessionStateStore.swift */; };
		B234265E4899566EFB0383DC /* TokenResponseParserTests.swift in Sources */ = {isa = PBXBuildFile; fileRef = DD7032C6DD72D44D324226A2 /* TokenResponseParserTests.swift */; };
		B2C053B994321F2336C82E33 /* RefreshEngine.swift in Sources */ = {isa = PBXBuildFile; fileRef = 5D0498B38099C57B81B87234 /* RefreshEngine.swift */; };
		B39F23240A39CC07280734AD /* Theme.swift in Sources */ = {isa = PBXBuildFile; fileRef = 95F632837A9BCF20DE9ABD35 /* Theme.swift */; };
		B7CA2E8942FAD429F9C07D7D /* BuildLogWindow.swift in Sources */ = {isa = PBXBuildFile; fileRef = BDBB4FD3633F11756405EA82 /* BuildLogWindow.swift */; };
		B9D3514B953546AE4D70E2DB /* AuthSession.swift in Sources */ = {isa = PBXBuildFile; fileRef = 877E9B1658821600DD874233 /* AuthSession.swift */; };
		BB5E06E80FC82F779D95B294 /* CredentialStoreTests.swift in Sources */ = {isa = PBXBuildFile; fileRef = 4A96C28651EA3A1D0B9FDF73 /* CredentialStoreTests.swift */; };
		BB63CD15167417B307D423EC /* OAuthFlowView.swift in Sources */ = {isa = PBXBuildFile; fileRef = A76D5B160947CF068AEB9199 /* OAuthFlowView.swift */; };
		BD26F1CF7E035C0DCAEA5DE9 /* ProjectStore.swift in Sources */ = {isa = PBXBuildFile; fileRef = 4B34ECDB04E3B547BF14DB81 /* ProjectStore.swift */; };
		BE7DEAE986A089F762CD6F80 /* UpdateManager.swift in Sources */ = {isa = PBXBuildFile; fileRef = B4A34F82BB7DB8ADB87334A7 /* UpdateManager.swift */; };
		C05CF730B864CD89A9A5CFD4 /* Project.swift in Sources */ = {isa = PBXBuildFile; fileRef = 7D23F0D2F6ED1E675C469327 /* Project.swift */; };
		C396FD6973B5578FB255F347 /* SettingsView.swift in Sources */ = {isa = PBXBuildFile; fileRef = 2059CB0908FBF2598B74EDB6 /* SettingsView.swift */; };
		C45D090556521BAED2E21CA4 /* APIError.swift in Sources */ = {isa = PBXBuildFile; fileRef = 4358CC9248F52D2385D12C85 /* APIError.swift */; };
		CF7DEE83E2DE4606E324D57F /* StatusBarMenu.swift in Sources */ = {isa = PBXBuildFile; fileRef = 284B022542CC1D3EC5F3327D /* StatusBarMenu.swift */; };
		D153EA9866E052C3EE0EAA72 /* Deployment.swift in Sources */ = {isa = PBXBuildFile; fileRef = 42C6C72472FF271E4BED36E9 /* Deployment.swift */; };
		DB7222F279BAE14F6C57BE77 /* VercelBarApp.swift in Sources */ = {isa = PBXBuildFile; fileRef = 17D9DF0A5BA572AA0D3AB120 /* VercelBarApp.swift */; };
		DBF9384703FF069DAEA2E013 /* KeychainWrapper.swift in Sources */ = {isa = PBXBuildFile; fileRef = C20CF436D58E6113D6762394 /* KeychainWrapper.swift */; };
		DD16BA4E94069B29D9219449 /* AppInstanceCheckerTests.swift in Sources */ = {isa = PBXBuildFile; fileRef = 8F253450B9273185D7B38168 /* AppInstanceCheckerTests.swift */; };
		DD3B85363F8ABD6943E9ECDC /* DiagnosticsStoreTests.swift in Sources */ = {isa = PBXBuildFile; fileRef = 6DA08D0F7AC14196D5339213 /* DiagnosticsStoreTests.swift */; };
		E0FC413A2E8D31CED64FBFDE /* RefreshEngineErrorTests.swift in Sources */ = {isa = PBXBuildFile; fileRef = B303B5A75A99A19840A2AE79 /* RefreshEngineErrorTests.swift */; };
		E37EC40409B68AAD2160D1CB /* AuthSessionStateStoreTests.swift in Sources */ = {isa = PBXBuildFile; fileRef = B78572312102F76E80A9ADD4 /* AuthSessionStateStoreTests.swift */; };
		E49E77E259C7D7596C651F5E /* Geist.swift in Sources */ = {isa = PBXBuildFile; fileRef = FD53DDD6F408880191F32065 /* Geist.swift */; };
		EBC65C8EB06C6348D00FE3D7 /* AuthSessionPersonalScopeTests.swift in Sources */ = {isa = PBXBuildFile; fileRef = 80DADF18E4E59A5FD5A0C127 /* AuthSessionPersonalScopeTests.swift */; };
		F055321721D66116AA629334 /* VercelAuthConfig.swift in Sources */ = {isa = PBXBuildFile; fileRef = A5EC52EE24AF127D16FFBB44 /* VercelAuthConfig.swift */; };
		F1004A724903A12DC33C2706 /* DeploymentStore.swift in Sources */ = {isa = PBXBuildFile; fileRef = C98C31D628F9124DE94E6764 /* DeploymentStore.swift */; };
		F6B3A867F27162E4A5FBE7D8 /* AppInstanceMessenger.swift in Sources */ = {isa = PBXBuildFile; fileRef = 3268ABB41413559BB04B3AF4 /* AppInstanceMessenger.swift */; };
		FA04BC00EBCCD29A146FD757 /* Assets.xcassets in Resources */ = {isa = PBXBuildFile; fileRef = 54213CC155F278206F7E1001 /* Assets.xcassets */; };
		FD0F0AD11E15169BC9BC6908 /* JSONDecoder+Vercel.swift in Sources */ = {isa = PBXBuildFile; fileRef = 901B11A916D5FAFC0F3D02CA /* JSONDecoder+Vercel.swift */; };
/* End PBXBuildFile section */

/* Begin PBXContainerItemProxy section */
		498672091BDEA73697DEFC6B /* PBXContainerItemProxy */ = {
			isa = PBXContainerItemProxy;
			containerPortal = 2EE8C96A7DC196C8B2C059DD /* Project object */;
			proxyType = 1;
			remoteGlobalIDString = EA03CF59AC11C1653F0DB8DC;
			remoteInfo = VercelBar;
		};
/* End PBXContainerItemProxy section */

/* Begin PBXFileReference section */
		0141273F800345B6BF035DF3 /* AuthSessionStateStore.swift */ = {isa = PBXFileReference; lastKnownFileType = sourcecode.swift; path = AuthSessionStateStore.swift; sourceTree = "<group>"; };
		0340F37229B5761DECF92CEF /* DiagnosticsStore.swift */ = {isa = PBXFileReference; lastKnownFileType = sourcecode.swift; path = DiagnosticsStore.swift; sourceTree = "<group>"; };
		03EA8E9080DCE69ACCDF43C0 /* GeistMono-SemiBold.otf */ = {isa = PBXFileReference; lastKnownFileType = file; path = "GeistMono-SemiBold.otf"; sourceTree = "<group>"; };
		05357E1631366B7C8718B8F6 /* DesignPreviewView.swift */ = {isa = PBXFileReference; lastKnownFileType = sourcecode.swift; path = DesignPreviewView.swift; sourceTree = "<group>"; };
		0963716F8B805CCD9D6829D6 /* URLSchemeRegistrarTests.swift */ = {isa = PBXFileReference; lastKnownFileType = sourcecode.swift; path = URLSchemeRegistrarTests.swift; sourceTree = "<group>"; };
		0A111B06747AA9A2D8177780 /* ProjectFilterView.swift */ = {isa = PBXFileReference; lastKnownFileType = sourcecode.swift; path = ProjectFilterView.swift; sourceTree = "<group>"; };
		0B8B4A447FCA15B1C5D1F6AC /* Geist-Medium.otf */ = {isa = PBXFileReference; lastKnownFileType = file; path = "Geist-Medium.otf"; sourceTree = "<group>"; };
		128B13E91A3709E676BFE3A3 /* VercelAPIClientImpl.swift */ = {isa = PBXFileReference; lastKnownFileType = sourcecode.swift; path = VercelAPIClientImpl.swift; sourceTree = "<group>"; };
		17D9DF0A5BA572AA0D3AB120 /* VercelBarApp.swift */ = {isa = PBXFileReference; lastKnownFileType = sourcecode.swift; path = VercelBarApp.swift; sourceTree = "<group>"; };
		1AC3442B3EC967E019B078AE /* ProjectStoreTests.swift */ = {isa = PBXFileReference; lastKnownFileType = sourcecode.swift; path = ProjectStoreTests.swift; sourceTree = "<group>"; };
		1AF12A33A0B5A9C517DEF67F /* OAuthErrorParserTests.swift */ = {isa = PBXFileReference; lastKnownFileType = sourcecode.swift; path = OAuthErrorParserTests.swift; sourceTree = "<group>"; };
		2059CB0908FBF2598B74EDB6 /* SettingsView.swift */ = {isa = PBXFileReference; lastKnownFileType = sourcecode.swift; path = SettingsView.swift; sourceTree = "<group>"; };
		22092C7C9441DE4FCCCAEDCF /* DebugLog.swift */ = {isa = PBXFileReference; lastKnownFileType = sourcecode.swift; path = DebugLog.swift; sourceTree = "<group>"; };
		25DA6EDA62F478CC5A2883A3 /* Geist-Bold.otf */ = {isa = PBXFileReference; lastKnownFileType = file; path = "Geist-Bold.otf"; sourceTree = "<group>"; };
		284B022542CC1D3EC5F3327D /* StatusBarMenu.swift */ = {isa = PBXFileReference; lastKnownFileType = sourcecode.swift; path = StatusBarMenu.swift; sourceTree = "<group>"; };
		2E7E6D377E1EEA08D1D6076F /* RelativeTimeFormatter.swift */ = {isa = PBXFileReference; lastKnownFileType = sourcecode.swift; path = RelativeTimeFormatter.swift; sourceTree = "<group>"; };
		3268ABB41413559BB04B3AF4 /* AppInstanceMessenger.swift */ = {isa = PBXFileReference; lastKnownFileType = sourcecode.swift; path = AppInstanceMessenger.swift; sourceTree = "<group>"; };
		3293FE31218E3DC2CDC117F6 /* TokenPairTests.swift */ = {isa = PBXFileReference; lastKnownFileType = sourcecode.swift; path = TokenPairTests.swift; sourceTree = "<group>"; };
		42C6C72472FF271E4BED36E9 /* Deployment.swift */ = {isa = PBXFileReference; lastKnownFileType = sourcecode.swift; path = Deployment.swift; sourceTree = "<group>"; };
		4358CC9248F52D2385D12C85 /* APIError.swift */ = {isa = PBXFileReference; lastKnownFileType = sourcecode.swift; path = APIError.swift; sourceTree = "<group>"; };
		4A96C28651EA3A1D0B9FDF73 /* CredentialStoreTests.swift */ = {isa = PBXFileReference; lastKnownFileType = sourcecode.swift; path = CredentialStoreTests.swift; sourceTree = "<group>"; };
		4B34ECDB04E3B547BF14DB81 /* ProjectStore.swift */ = {isa = PBXFileReference; lastKnownFileType = sourcecode.swift; path = ProjectStore.swift; sourceTree = "<group>"; };
		4B8AEC6768A1FF3F68979F94 /* PKCE.swift */ = {isa = PBXFileReference; lastKnownFileType = sourcecode.swift; path = PKCE.swift; sourceTree = "<group>"; };
		4C74D44649339F8B2D758C69 /* NotificationManager.swift */ = {isa = PBXFileReference; lastKnownFileType = sourcecode.swift; path = NotificationManager.swift; sourceTree = "<group>"; };
		5229DC62ADDAB8F632AD0FC4 /* LogLine.swift */ = {isa = PBXFileReference; lastKnownFileType = sourcecode.swift; path = LogLine.swift; sourceTree = "<group>"; };
		53A2468F9E31C2C6BE877D53 /* LaunchAtLoginManager.swift */ = {isa = PBXFileReference; lastKnownFileType = sourcecode.swift; path = LaunchAtLoginManager.swift; sourceTree = "<group>"; };
		54213CC155F278206F7E1001 /* Assets.xcassets */ = {isa = PBXFileReference; lastKnownFileType = folder.assetcatalog; path = Assets.xcassets; sourceTree = "<group>"; };
		5608BA4BDFD4AA2B264617AA /* SkeletonRowView.swift */ = {isa = PBXFileReference; lastKnownFileType = sourcecode.swift; path = SkeletonRowView.swift; sourceTree = "<group>"; };
		5CB4FD2D12DB5A088B1C1B16 /* TokenResponseParser.swift */ = {isa = PBXFileReference; lastKnownFileType = sourcecode.swift; path = TokenResponseParser.swift; sourceTree = "<group>"; };
		5D0498B38099C57B81B87234 /* RefreshEngine.swift */ = {isa = PBXFileReference; lastKnownFileType = sourcecode.swift; path = RefreshEngine.swift; sourceTree = "<group>"; };
		6B87ABDB628BB31016796190 /* VercelBarTests.xctest */ = {isa = PBXFileReference; explicitFileType = wrapper.cfbundle; includeInIndex = 0; path = VercelBarTests.xctest; sourceTree = BUILT_PRODUCTS_DIR; };
		6D62BBC1D044771B370566A9 /* VercelAPIClient.swift */ = {isa = PBXFileReference; lastKnownFileType = sourcecode.swift; path = VercelAPIClient.swift; sourceTree = "<group>"; };
		6DA08D0F7AC14196D5339213 /* DiagnosticsStoreTests.swift */ = {isa = PBXFileReference; lastKnownFileType = sourcecode.swift; path = DiagnosticsStoreTests.swift; sourceTree = "<group>"; };
		6EB217019D4BCB181B46B7CC /* OAuthErrorParser.swift */ = {isa = PBXFileReference; lastKnownFileType = sourcecode.swift; path = OAuthErrorParser.swift; sourceTree = "<group>"; };
		725EBFC38DB145A0952DF2BA /* NetworkMonitor.swift */ = {isa = PBXFileReference; lastKnownFileType = sourcecode.swift; path = NetworkMonitor.swift; sourceTree = "<group>"; };
		7609E89BDA38B6AD650669F5 /* OAuthCallbackHandler.swift */ = {isa = PBXFileReference; lastKnownFileType = sourcecode.swift; path = OAuthCallbackHandler.swift; sourceTree = "<group>"; };
		76D624C1F2F5097A4423F903 /* GeistMono-Bold.otf */ = {isa = PBXFileReference; lastKnownFileType = file; path = "GeistMono-Bold.otf"; sourceTree = "<group>"; };
		7D23F0D2F6ED1E675C469327 /* Project.swift */ = {isa = PBXFileReference; lastKnownFileType = sourcecode.swift; path = Project.swift; sourceTree = "<group>"; };
		7EBA24A38D2857A665795554 /* GeistLayoutTests.swift */ = {isa = PBXFileReference; lastKnownFileType = sourcecode.swift; path = GeistLayoutTests.swift; sourceTree = "<group>"; };
		80353831B8A468FF5BDB798B /* AppInstanceCoordinator.swift */ = {isa = PBXFileReference; lastKnownFileType = sourcecode.swift; path = AppInstanceCoordinator.swift; sourceTree = "<group>"; };
		80DADF18E4E59A5FD5A0C127 /* AuthSessionPersonalScopeTests.swift */ = {isa = PBXFileReference; lastKnownFileType = sourcecode.swift; path = AuthSessionPersonalScopeTests.swift; sourceTree = "<group>"; };
		827DAA3659BC9B3DB7EEFC89 /* Localizable.strings */ = {isa = PBXFileReference; lastKnownFileType = text.plist.strings; path = Localizable.strings; sourceTree = "<group>"; };
		858A57344C72FDF789217A19 /* Secrets.xcconfig */ = {isa = PBXFileReference; lastKnownFileType = text.xcconfig; path = Secrets.xcconfig; sourceTree = "<group>"; };
		8691E7898183191AC14EA0F4 /* BrowserLauncher.swift */ = {isa = PBXFileReference; lastKnownFileType = sourcecode.swift; path = BrowserLauncher.swift; sourceTree = "<group>"; };
		86955F9C3547E86AEBDC716D /* DebugLogTests.swift */ = {isa = PBXFileReference; lastKnownFileType = sourcecode.swift; path = DebugLogTests.swift; sourceTree = "<group>"; };
		877E9B1658821600DD874233 /* AuthSession.swift */ = {isa = PBXFileReference; lastKnownFileType = sourcecode.swift; path = AuthSession.swift; sourceTree = "<group>"; };
		897F5F163569ED0011975C0F /* DiagnosticsView.swift */ = {isa = PBXFileReference; lastKnownFileType = sourcecode.swift; path = DiagnosticsView.swift; sourceTree = "<group>"; };
		89A2EFC99E9476C304BB4422 /* SparkleUpdateService.swift */ = {isa = PBXFileReference; lastKnownFileType = sourcecode.swift; path = SparkleUpdateService.swift; sourceTree = "<group>"; };
		8E4CDB29C228D982FA6A5B8F /* AppIcon.icns */ = {isa = PBXFileReference; lastKnownFileType = image.icns; path = AppIcon.icns; sourceTree = "<group>"; };
		8F253450B9273185D7B38168 /* AppInstanceCheckerTests.swift */ = {isa = PBXFileReference; lastKnownFileType = sourcecode.swift; path = AppInstanceCheckerTests.swift; sourceTree = "<group>"; };
		8FA1EF317C800D73883DFC2C /* AppInstanceLockTests.swift */ = {isa = PBXFileReference; lastKnownFileType = sourcecode.swift; path = AppInstanceLockTests.swift; sourceTree = "<group>"; };
		8FCBD7D4E6DC72573158C14D /* AuthSessionStateMismatchTests.swift */ = {isa = PBXFileReference; lastKnownFileType = sourcecode.swift; path = AuthSessionStateMismatchTests.swift; sourceTree = "<group>"; };
		901B11A916D5FAFC0F3D02CA /* JSONDecoder+Vercel.swift */ = {isa = PBXFileReference; lastKnownFileType = sourcecode.swift; path = "JSONDecoder+Vercel.swift"; sourceTree = "<group>"; };
		93366F3648C5897F42A05FD3 /* SparkleUpdateServiceTests.swift */ = {isa = PBXFileReference; lastKnownFileType = sourcecode.swift; path = SparkleUpdateServiceTests.swift; sourceTree = "<group>"; };
		95F632837A9BCF20DE9ABD35 /* Theme.swift */ = {isa = PBXFileReference; lastKnownFileType = sourcecode.swift; path = Theme.swift; sourceTree = "<group>"; };
		9665DD5EF7FBA996E8AA0C5B /* AppInstanceCoordinatorTests.swift */ = {isa = PBXFileReference; lastKnownFileType = sourcecode.swift; path = AppInstanceCoordinatorTests.swift; sourceTree = "<group>"; };
		9A37A799DA4EE5AFA228FAC8 /* DeploymentRowView.swift */ = {isa = PBXFileReference; lastKnownFileType = sourcecode.swift; path = DeploymentRowView.swift; sourceTree = "<group>"; };
		9B2AC2C236EB048BBA5DB704 /* GeistMono-Regular.otf */ = {isa = PBXFileReference; lastKnownFileType = file; path = "GeistMono-Regular.otf"; sourceTree = "<group>"; };
		9BFE07D66844D06F20AD581D /* VercelComponents.swift */ = {isa = PBXFileReference; lastKnownFileType = sourcecode.swift; path = VercelComponents.swift; sourceTree = "<group>"; };
		A06CECD6CA0683A7F18BD08D /* StatusBarControllerTests.swift */ = {isa = PBXFileReference; lastKnownFileType = sourcecode.swift; path = StatusBarControllerTests.swift; sourceTree = "<group>"; };
		A0814DA98F46D7F680A0F3E8 /* VercelBar.app */ = {isa = PBXFileReference; explicitFileType = wrapper.application; includeInIndex = 0; path = VercelBar.app; sourceTree = BUILT_PRODUCTS_DIR; };
		A0B6ABBDE02520467CD38DCD /* SettingsStore.swift */ = {isa = PBXFileReference; lastKnownFileType = sourcecode.swift; path = SettingsStore.swift; sourceTree = "<group>"; };
		A120356EC239762F5C3874EB /* URLSchemeRegistrar.swift */ = {isa = PBXFileReference; lastKnownFileType = sourcecode.swift; path = URLSchemeRegistrar.swift; sourceTree = "<group>"; };
		A5EC52EE24AF127D16FFBB44 /* VercelAuthConfig.swift */ = {isa = PBXFileReference; lastKnownFileType = sourcecode.swift; path = VercelAuthConfig.swift; sourceTree = "<group>"; };
		A76D5B160947CF068AEB9199 /* OAuthFlowView.swift */ = {isa = PBXFileReference; lastKnownFileType = sourcecode.swift; path = OAuthFlowView.swift; sourceTree = "<group>"; };
		A93E2D724C28ED3C651252C0 /* GeistMono-Medium.otf */ = {isa = PBXFileReference; lastKnownFileType = file; path = "GeistMono-Medium.otf"; sourceTree = "<group>"; };
		AAA25B7F69338FC98CB43D72 /* UpdateManagerTests.swift */ = {isa = PBXFileReference; lastKnownFileType = sourcecode.swift; path = UpdateManagerTests.swift; sourceTree = "<group>"; };
		B0756C146201ACD213BB2EA6 /* AppDelegateIconTests.swift */ = {isa = PBXFileReference; lastKnownFileType = sourcecode.swift; path = AppDelegateIconTests.swift; sourceTree = "<group>"; };
		B303B5A75A99A19840A2AE79 /* RefreshEngineErrorTests.swift */ = {isa = PBXFileReference; lastKnownFileType = sourcecode.swift; path = RefreshEngineErrorTests.swift; sourceTree = "<group>"; };
		B4094CDDBC2EA3628B60665B /* RefreshStatus.swift */ = {isa = PBXFileReference; lastKnownFileType = sourcecode.swift; path = RefreshStatus.swift; sourceTree = "<group>"; };
		B4A34F82BB7DB8ADB87334A7 /* UpdateManager.swift */ = {isa = PBXFileReference; lastKnownFileType = sourcecode.swift; path = UpdateManager.swift; sourceTree = "<group>"; };
		B78572312102F76E80A9ADD4 /* AuthSessionStateStoreTests.swift */ = {isa = PBXFileReference; lastKnownFileType = sourcecode.swift; path = AuthSessionStateStoreTests.swift; sourceTree = "<group>"; };
		B9C06105CE8EA488F590157B /* BuildLogWindowController.swift */ = {isa = PBXFileReference; lastKnownFileType = sourcecode.swift; path = BuildLogWindowController.swift; sourceTree = "<group>"; };
		BB3938D74ABD8BE1F727CF33 /* PersonalTokenView.swift */ = {isa = PBXFileReference; lastKnownFileType = sourcecode.swift; path = PersonalTokenView.swift; sourceTree = "<group>"; };
		BDBB4FD3633F11756405EA82 /* BuildLogWindow.swift */ = {isa = PBXFileReference; lastKnownFileType = sourcecode.swift; path = BuildLogWindow.swift; sourceTree = "<group>"; };
		BEA38A045D7A14692EB0E4B4 /* RefreshStatusStore.swift */ = {isa = PBXFileReference; lastKnownFileType = sourcecode.swift; path = RefreshStatusStore.swift; sourceTree = "<group>"; };
		C20CF436D58E6113D6762394 /* KeychainWrapper.swift */ = {isa = PBXFileReference; lastKnownFileType = sourcecode.swift; path = KeychainWrapper.swift; sourceTree = "<group>"; };
		C7CD1905069B21140FFAE590 /* GeistColorTests.swift */ = {isa = PBXFileReference; lastKnownFileType = sourcecode.swift; path = GeistColorTests.swift; sourceTree = "<group>"; };
		C8107F52C1BFD541EBE01BDF /* Info.plist */ = {isa = PBXFileReference; lastKnownFileType = text.plist; path = Info.plist; sourceTree = "<group>"; };
		C98C31D628F9124DE94E6764 /* DeploymentStore.swift */ = {isa = PBXFileReference; lastKnownFileType = sourcecode.swift; path = DeploymentStore.swift; sourceTree = "<group>"; };
		CB93D721C2845DECD4F56363 /* CredentialStore.swift */ = {isa = PBXFileReference; lastKnownFileType = sourcecode.swift; path = CredentialStore.swift; sourceTree = "<group>"; };
		CF0ADD84E0FF0D08B9AB51EC /* NotificationHistoryStore.swift */ = {isa = PBXFileReference; lastKnownFileType = sourcecode.swift; path = NotificationHistoryStore.swift; sourceTree = "<group>"; };
		D06D8686A3E00B125D8A82D2 /* AppDelegate.swift */ = {isa = PBXFileReference; lastKnownFileType = sourcecode.swift; path = AppDelegate.swift; sourceTree = "<group>"; };
		D5B1455D4232CA5446EFC966 /* Geist-SemiBold.otf */ = {isa = PBXFileReference; lastKnownFileType = file; path = "Geist-SemiBold.otf"; sourceTree = "<group>"; };
		D5C9F521E1E3EFE9DE6A210A /* APIClientFactory.swift */ = {isa = PBXFileReference; lastKnownFileType = sourcecode.swift; path = APIClientFactory.swift; sourceTree = "<group>"; };
		D5D811C25E71FE8B0AA37B64 /* VercelEndpoints.swift */ = {isa = PBXFileReference; lastKnownFileType = sourcecode.swift; path = VercelEndpoints.swift; sourceTree = "<group>"; };
		DC8F7071DCD9643BE901AC39 /* AuthSessionRecoveryTests.swift */ = {isa = PBXFileReference; lastKnownFileType = sourcecode.swift; path = AuthSessionRecoveryTests.swift; sourceTree = "<group>"; };
		DCE0A8CF4A8E3CC3B24E4BC3 /* AppInstanceLock.swift */ = {isa = PBXFileReference; lastKnownFileType = sourcecode.swift; path = AppInstanceLock.swift; sourceTree = "<group>"; };
		DD7032C6DD72D44D324226A2 /* TokenResponseParserTests.swift */ = {isa = PBXFileReference; lastKnownFileType = sourcecode.swift; path = TokenResponseParserTests.swift; sourceTree = "<group>"; };
		DD8D8B5BC384A6AFE64E3BC4 /* AuthSessionInitialStatusTests.swift */ = {isa = PBXFileReference; lastKnownFileType = sourcecode.swift; path = AuthSessionInitialStatusTests.swift; sourceTree = "<group>"; };
		DEA0DBA60EAB828D882EFBB1 /* Geist-Regular.otf */ = {isa = PBXFileReference; lastKnownFileType = file; path = "Geist-Regular.otf"; sourceTree = "<group>"; };
		E21E89679C5915C2E0733CDB /* BrowserOption.swift */ = {isa = PBXFileReference; lastKnownFileType = sourcecode.swift; path = BrowserOption.swift; sourceTree = "<group>"; };
		E8733EA8F63C7DF65A4F74C2 /* StatusBarController.swift */ = {isa = PBXFileReference; lastKnownFileType = sourcecode.swift; path = StatusBarController.swift; sourceTree = "<group>"; };
		ED7EFCE5A4BC80199BB0B660 /* AppInstanceChecker.swift */ = {isa = PBXFileReference; lastKnownFileType = sourcecode.swift; path = AppInstanceChecker.swift; sourceTree = "<group>"; };
		FD53DDD6F408880191F32065 /* Geist.swift */ = {isa = PBXFileReference; lastKnownFileType = sourcecode.swift; path = Geist.swift; sourceTree = "<group>"; };
/* End PBXFileReference section */

/* Begin PBXFrameworksBuildPhase section */
		D49D4104CB4AB7B72BE9C877 /* Frameworks */ = {
			isa = PBXFrameworksBuildPhase;
			buildActionMask = 2147483647;
			files = (
				2C50DD7D1451E653E3945B2F /* Sparkle in Frameworks */,
			);
			runOnlyForDeploymentPostprocessing = 0;
		};
/* End PBXFrameworksBuildPhase section */

/* Begin PBXGroup section */
		050CAC5457FE9B5DAD912D87 /* Settings */ = {
			isa = PBXGroup;
			children = (
				05357E1631366B7C8718B8F6 /* DesignPreviewView.swift */,
				897F5F163569ED0011975C0F /* DiagnosticsView.swift */,
				BB3938D74ABD8BE1F727CF33 /* PersonalTokenView.swift */,
				0A111B06747AA9A2D8177780 /* ProjectFilterView.swift */,
				2059CB0908FBF2598B74EDB6 /* SettingsView.swift */,
				9BFE07D66844D06F20AD581D /* VercelComponents.swift */,
			);
			path = Settings;
			sourceTree = "<group>";
		};
		07DF86B167D654207F0DD5ED /* Models */ = {
			isa = PBXGroup;
			children = (
				4358CC9248F52D2385D12C85 /* APIError.swift */,
				42C6C72472FF271E4BED36E9 /* Deployment.swift */,
				5229DC62ADDAB8F632AD0FC4 /* LogLine.swift */,
				7D23F0D2F6ED1E675C469327 /* Project.swift */,
			);
			path = Models;
			sourceTree = "<group>";
		};
		318397CE741A32F115AC4F30 /* StatusBar */ = {
			isa = PBXGroup;
			children = (
				9A37A799DA4EE5AFA228FAC8 /* DeploymentRowView.swift */,
				5608BA4BDFD4AA2B264617AA /* SkeletonRowView.swift */,
				E8733EA8F63C7DF65A4F74C2 /* StatusBarController.swift */,
				284B022542CC1D3EC5F3327D /* StatusBarMenu.swift */,
			);
			path = StatusBar;
			sourceTree = "<group>";
		};
		40D3F92F8C7174B190CEAC79 /* App */ = {
			isa = PBXGroup;
			children = (
				D06D8686A3E00B125D8A82D2 /* AppDelegate.swift */,
				C8107F52C1BFD541EBE01BDF /* Info.plist */,
				89A2EFC99E9476C304BB4422 /* SparkleUpdateService.swift */,
				B4A34F82BB7DB8ADB87334A7 /* UpdateManager.swift */,
				17D9DF0A5BA572AA0D3AB120 /* VercelBarApp.swift */,
			);
			path = App;
			sourceTree = "<group>";
		};
		4F6401752982023170F0615D /* Core */ = {
			isa = PBXGroup;
			children = (
				A9CF8804148C9336DC209ED4 /* API */,
				C37321AE78A5AE529D1D52EE /* Services */,
				EBD48ECA203265761465A77B /* Utilities */,
			);
			path = Core;
			sourceTree = "<group>";
		};
		59F99FEFB8D36D2930691471 /* Features */ = {
			isa = PBXGroup;
			children = (
				70AC473253CE3F3321888D69 /* Auth */,
				73735BE8DF397AEACF5D2BF3 /* Logs */,
				050CAC5457FE9B5DAD912D87 /* Settings */,
				318397CE741A32F115AC4F30 /* StatusBar */,
			);
			path = Features;
			sourceTree = "<group>";
		};
		69E17C3B6D511BE398435B41 /* Config */ = {
			isa = PBXGroup;
			children = (
				858A57344C72FDF789217A19 /* Secrets.xcconfig */,
			);
			path = Config;
			sourceTree = "<group>";
		};
		70AC473253CE3F3321888D69 /* Auth */ = {
			isa = PBXGroup;
			children = (
				877E9B1658821600DD874233 /* AuthSession.swift */,
				7609E89BDA38B6AD650669F5 /* OAuthCallbackHandler.swift */,
				A76D5B160947CF068AEB9199 /* OAuthFlowView.swift */,
			);
			path = Auth;
			sourceTree = "<group>";
		};
		7272A1A72C0391A8D5C64D63 /* Tests */ = {
			isa = PBXGroup;
			children = (
				B0756C146201ACD213BB2EA6 /* AppDelegateIconTests.swift */,
				8F253450B9273185D7B38168 /* AppInstanceCheckerTests.swift */,
				9665DD5EF7FBA996E8AA0C5B /* AppInstanceCoordinatorTests.swift */,
				8FA1EF317C800D73883DFC2C /* AppInstanceLockTests.swift */,
				DD8D8B5BC384A6AFE64E3BC4 /* AuthSessionInitialStatusTests.swift */,
				80DADF18E4E59A5FD5A0C127 /* AuthSessionPersonalScopeTests.swift */,
				DC8F7071DCD9643BE901AC39 /* AuthSessionRecoveryTests.swift */,
				8FCBD7D4E6DC72573158C14D /* AuthSessionStateMismatchTests.swift */,
				B78572312102F76E80A9ADD4 /* AuthSessionStateStoreTests.swift */,
				4A96C28651EA3A1D0B9FDF73 /* CredentialStoreTests.swift */,
				86955F9C3547E86AEBDC716D /* DebugLogTests.swift */,
				6DA08D0F7AC14196D5339213 /* DiagnosticsStoreTests.swift */,
				C7CD1905069B21140FFAE590 /* GeistColorTests.swift */,
				7EBA24A38D2857A665795554 /* GeistLayoutTests.swift */,
				1AF12A33A0B5A9C517DEF67F /* OAuthErrorParserTests.swift */,
				1AC3442B3EC967E019B078AE /* ProjectStoreTests.swift */,
				B303B5A75A99A19840A2AE79 /* RefreshEngineErrorTests.swift */,
				93366F3648C5897F42A05FD3 /* SparkleUpdateServiceTests.swift */,
				A06CECD6CA0683A7F18BD08D /* StatusBarControllerTests.swift */,
				3293FE31218E3DC2CDC117F6 /* TokenPairTests.swift */,
				DD7032C6DD72D44D324226A2 /* TokenResponseParserTests.swift */,
				AAA25B7F69338FC98CB43D72 /* UpdateManagerTests.swift */,
				0963716F8B805CCD9D6829D6 /* URLSchemeRegistrarTests.swift */,
			);
			path = Tests;
			sourceTree = "<group>";
		};
		73735BE8DF397AEACF5D2BF3 /* Logs */ = {
			isa = PBXGroup;
			children = (
				BDBB4FD3633F11756405EA82 /* BuildLogWindow.swift */,
				B9C06105CE8EA488F590157B /* BuildLogWindowController.swift */,
			);
			path = Logs;
			sourceTree = "<group>";
		};
		8C4A8A87197877C4B09B77CD /* Resources */ = {
			isa = PBXGroup;
			children = (
				8E4CDB29C228D982FA6A5B8F /* AppIcon.icns */,
				54213CC155F278206F7E1001 /* Assets.xcassets */,
				827DAA3659BC9B3DB7EEFC89 /* Localizable.strings */,
				CDCCE4F8162C8D0A2616E3F3 /* Fonts */,
			);
			path = Resources;
			sourceTree = "<group>";
		};
		93AD1F44453B0CA72C6196EE /* Products */ = {
			isa = PBXGroup;
			children = (
				A0814DA98F46D7F680A0F3E8 /* VercelBar.app */,
				6B87ABDB628BB31016796190 /* VercelBarTests.xctest */,
			);
			name = Products;
			sourceTree = "<group>";
		};
		A9CF8804148C9336DC209ED4 /* API */ = {
			isa = PBXGroup;
			children = (
				D5C9F521E1E3EFE9DE6A210A /* APIClientFactory.swift */,
				901B11A916D5FAFC0F3D02CA /* JSONDecoder+Vercel.swift */,
				6EB217019D4BCB181B46B7CC /* OAuthErrorParser.swift */,
				4B8AEC6768A1FF3F68979F94 /* PKCE.swift */,
				5CB4FD2D12DB5A088B1C1B16 /* TokenResponseParser.swift */,
				6D62BBC1D044771B370566A9 /* VercelAPIClient.swift */,
				128B13E91A3709E676BFE3A3 /* VercelAPIClientImpl.swift */,
				A5EC52EE24AF127D16FFBB44 /* VercelAuthConfig.swift */,
				D5D811C25E71FE8B0AA37B64 /* VercelEndpoints.swift */,
				07DF86B167D654207F0DD5ED /* Models */,
			);
			path = API;
			sourceTree = "<group>";
		};
		C37321AE78A5AE529D1D52EE /* Services */ = {
			isa = PBXGroup;
			children = (
				ED7EFCE5A4BC80199BB0B660 /* AppInstanceChecker.swift */,
				80353831B8A468FF5BDB798B /* AppInstanceCoordinator.swift */,
				DCE0A8CF4A8E3CC3B24E4BC3 /* AppInstanceLock.swift */,
				3268ABB41413559BB04B3AF4 /* AppInstanceMessenger.swift */,
				0141273F800345B6BF035DF3 /* AuthSessionStateStore.swift */,
				8691E7898183191AC14EA0F4 /* BrowserLauncher.swift */,
				E21E89679C5915C2E0733CDB /* BrowserOption.swift */,
				CB93D721C2845DECD4F56363 /* CredentialStore.swift */,
				C98C31D628F9124DE94E6764 /* DeploymentStore.swift */,
				0340F37229B5761DECF92CEF /* DiagnosticsStore.swift */,
				53A2468F9E31C2C6BE877D53 /* LaunchAtLoginManager.swift */,
				725EBFC38DB145A0952DF2BA /* NetworkMonitor.swift */,
				CF0ADD84E0FF0D08B9AB51EC /* NotificationHistoryStore.swift */,
				4C74D44649339F8B2D758C69 /* NotificationManager.swift */,
				4B34ECDB04E3B547BF14DB81 /* ProjectStore.swift */,
				5D0498B38099C57B81B87234 /* RefreshEngine.swift */,
				B4094CDDBC2EA3628B60665B /* RefreshStatus.swift */,
				BEA38A045D7A14692EB0E4B4 /* RefreshStatusStore.swift */,
				A0B6ABBDE02520467CD38DCD /* SettingsStore.swift */,
				A120356EC239762F5C3874EB /* URLSchemeRegistrar.swift */,
			);
			path = Services;
			sourceTree = "<group>";
		};
		CA336A55543E6D0363C99991 = {
			isa = PBXGroup;
			children = (
				40D3F92F8C7174B190CEAC79 /* App */,
				69E17C3B6D511BE398435B41 /* Config */,
				4F6401752982023170F0615D /* Core */,
				59F99FEFB8D36D2930691471 /* Features */,
				8C4A8A87197877C4B09B77CD /* Resources */,
				7272A1A72C0391A8D5C64D63 /* Tests */,
				93AD1F44453B0CA72C6196EE /* Products */,
			);
			sourceTree = "<group>";
		};
		CDCCE4F8162C8D0A2616E3F3 /* Fonts */ = {
			isa = PBXGroup;
			children = (
				25DA6EDA62F478CC5A2883A3 /* Geist-Bold.otf */,
				0B8B4A447FCA15B1C5D1F6AC /* Geist-Medium.otf */,
				DEA0DBA60EAB828D882EFBB1 /* Geist-Regular.otf */,
				D5B1455D4232CA5446EFC966 /* Geist-SemiBold.otf */,
				76D624C1F2F5097A4423F903 /* GeistMono-Bold.otf */,
				A93E2D724C28ED3C651252C0 /* GeistMono-Medium.otf */,
				9B2AC2C236EB048BBA5DB704 /* GeistMono-Regular.otf */,
				03EA8E9080DCE69ACCDF43C0 /* GeistMono-SemiBold.otf */,
			);
			path = Fonts;
			sourceTree = "<group>";
		};
		EBD48ECA203265761465A77B /* Utilities */ = {
			isa = PBXGroup;
			children = (
				22092C7C9441DE4FCCCAEDCF /* DebugLog.swift */,
				FD53DDD6F408880191F32065 /* Geist.swift */,
				C20CF436D58E6113D6762394 /* KeychainWrapper.swift */,
				2E7E6D377E1EEA08D1D6076F /* RelativeTimeFormatter.swift */,
				95F632837A9BCF20DE9ABD35 /* Theme.swift */,
			);
			path = Utilities;
			sourceTree = "<group>";
		};
/* End PBXGroup section */

/* Begin PBXNativeTarget section */
		31560B0AFA62F940B030F342 /* VercelBarTests */ = {
			isa = PBXNativeTarget;
			buildConfigurationList = F2D898930681EEF07D88108D /* Build configuration list for PBXNativeTarget "VercelBarTests" */;
			buildPhases = (
				D52CB4DDAD726F3F771E3A80 /* Sources */,
			);
			buildRules = (
			);
			dependencies = (
				660D8A6B98715E765A666BD1 /* PBXTargetDependency */,
			);
			name = VercelBarTests;
			packageProductDependencies = (
			);
			productName = VercelBarTests;
			productReference = 6B87ABDB628BB31016796190 /* VercelBarTests.xctest */;
			productType = "com.apple.product-type.bundle.unit-test";
		};
		EA03CF59AC11C1653F0DB8DC /* VercelBar */ = {
			isa = PBXNativeTarget;
			buildConfigurationList = 0C14AE027459AB594C884136 /* Build configuration list for PBXNativeTarget "VercelBar" */;
			buildPhases = (
				588F5D5EA5D058D26986B62E /* Sources */,
				89F00680440DF9A104C8D51E /* Resources */,
				D49D4104CB4AB7B72BE9C877 /* Frameworks */,
			);
			buildRules = (
			);
			dependencies = (
			);
			name = VercelBar;
			packageProductDependencies = (
				C56084FE06760F92438F2644 /* Sparkle */,
			);
			productName = VercelBar;
			productReference = A0814DA98F46D7F680A0F3E8 /* VercelBar.app */;
			productType = "com.apple.product-type.application";
		};
/* End PBXNativeTarget section */

/* Begin PBXProject section */
		2EE8C96A7DC196C8B2C059DD /* Project object */ = {
			isa = PBXProject;
			attributes = {
				BuildIndependentTargetsInParallel = YES;
				LastUpgradeCheck = 1430;
				TargetAttributes = {
					EA03CF59AC11C1653F0DB8DC = {
						ProvisioningStyle = Automatic;
					};
				};
			};
			buildConfigurationList = DDE10A31DC5168285CD53D2E /* Build configuration list for PBXProject "VercelBar" */;
			compatibilityVersion = "Xcode 14.0";
			developmentRegion = en;
			hasScannedForEncodings = 0;
			knownRegions = (
				Base,
				en,
			);
			mainGroup = CA336A55543E6D0363C99991;
			minimizedProjectReferenceProxies = 1;
			packageReferences = (
				F0635249508C13F1A1A946AD /* XCRemoteSwiftPackageReference "Sparkle" */,
			);
			preferredProjectObjectVersion = 77;
			projectDirPath = "";
			projectRoot = "";
			targets = (
				EA03CF59AC11C1653F0DB8DC /* VercelBar */,
				31560B0AFA62F940B030F342 /* VercelBarTests */,
			);
		};
/* End PBXProject section */

/* Begin PBXResourcesBuildPhase section */
		89F00680440DF9A104C8D51E /* Resources */ = {
			isa = PBXResourcesBuildPhase;
			buildActionMask = 2147483647;
			files = (
				9DCB3ED52E3A5B2B8EB73EA7 /* AppIcon.icns in Resources */,
				FA04BC00EBCCD29A146FD757 /* Assets.xcassets in Resources */,
				A37D16D7A2D672FD8CEE88D0 /* Geist-Bold.otf in Resources */,
				7F75D647E4B4500FE9FD764A /* Geist-Medium.otf in Resources */,
				4589E8CE1061806D05D7AD0D /* Geist-Regular.otf in Resources */,
				3E5BE60357FFF8138D759C46 /* Geist-SemiBold.otf in Resources */,
				15ECB43BEC49A6087971E6D6 /* GeistMono-Bold.otf in Resources */,
				18FEC7D78A0D3F56348E027E /* GeistMono-Medium.otf in Resources */,
				9429A40854B407A39ABA1202 /* GeistMono-Regular.otf in Resources */,
				0B59A8007C2E8A68599E94C7 /* GeistMono-SemiBold.otf in Resources */,
				6D136125C55E4D6A94638486 /* Localizable.strings in Resources */,
			);
			runOnlyForDeploymentPostprocessing = 0;
		};
/* End PBXResourcesBuildPhase section */

/* Begin PBXSourcesBuildPhase section */
		588F5D5EA5D058D26986B62E /* Sources */ = {
			isa = PBXSourcesBuildPhase;
			buildActionMask = 2147483647;
			files = (
				0E7DE6B10CD24F2DF574267C /* APIClientFactory.swift in Sources */,
				C45D090556521BAED2E21CA4 /* APIError.swift in Sources */,
				7F95418D6985ADB0D7C51DB3 /* AppDelegate.swift in Sources */,
				52288D7857E8769DCFDA837B /* AppInstanceChecker.swift in Sources */,
				3EAB516BDB03B34E9051A7C5 /* AppInstanceCoordinator.swift in Sources */,
				3381AB472014A5414B80B0FC /* AppInstanceLock.swift in Sources */,
				F6B3A867F27162E4A5FBE7D8 /* AppInstanceMessenger.swift in Sources */,
				B9D3514B953546AE4D70E2DB /* AuthSession.swift in Sources */,
				B174933ED6DF56DE957CF540 /* AuthSessionStateStore.swift in Sources */,
				24F40AF221E818DD5326EDC0 /* BrowserLauncher.swift in Sources */,
				125F140EE36EA9E53D95175D /* BrowserOption.swift in Sources */,
				B7CA2E8942FAD429F9C07D7D /* BuildLogWindow.swift in Sources */,
				22F56B13B7DBA9E068A9759B /* BuildLogWindowController.swift in Sources */,
				3E8358BF729387745452FBBD /* CredentialStore.swift in Sources */,
				5286ECF071471E1ACA5C89E1 /* DebugLog.swift in Sources */,
				D153EA9866E052C3EE0EAA72 /* Deployment.swift in Sources */,
				1C98A3873E036909D59D1C05 /* DeploymentRowView.swift in Sources */,
				F1004A724903A12DC33C2706 /* DeploymentStore.swift in Sources */,
				0AC1DAEDF66366644F0A4E87 /* DesignPreviewView.swift in Sources */,
				9156BA75893D4F22312FAE17 /* DiagnosticsStore.swift in Sources */,
				78534F9A2622094C2ECA72A5 /* DiagnosticsView.swift in Sources */,
				E49E77E259C7D7596C651F5E /* Geist.swift in Sources */,
				FD0F0AD11E15169BC9BC6908 /* JSONDecoder+Vercel.swift in Sources */,
				DBF9384703FF069DAEA2E013 /* KeychainWrapper.swift in Sources */,
				547AA3E69B941C24A87B3AFE /* LaunchAtLoginManager.swift in Sources */,
				AF0BD596F35E0BAE420B67C3 /* LogLine.swift in Sources */,
				449BD17FEAECAA1BC4C144C0 /* NetworkMonitor.swift in Sources */,
				9257299009A49D4C3F5B3AA5 /* NotificationHistoryStore.swift in Sources */,
				6F0C058B18430A68669D3FBA /* NotificationManager.swift in Sources */,
				8DA1AF88BF7F33A83422F8EE /* OAuthCallbackHandler.swift in Sources */,
				40771C2A28F62F4FD94F15DE /* OAuthErrorParser.swift in Sources */,
				BB63CD15167417B307D423EC /* OAuthFlowView.swift in Sources */,
				437FFA62AF5ABCB26A33D9DA /* PKCE.swift in Sources */,
				4D094DAA237C835AF5D6C35E /* PersonalTokenView.swift in Sources */,
				C05CF730B864CD89A9A5CFD4 /* Project.swift in Sources */,
				00BDC4366C009870906D436C /* ProjectFilterView.swift in Sources */,
				BD26F1CF7E035C0DCAEA5DE9 /* ProjectStore.swift in Sources */,
				B2C053B994321F2336C82E33 /* RefreshEngine.swift in Sources */,
				1A7DD2FA0D8070B61C70CE6A /* RefreshStatus.swift in Sources */,
				6D3867F2C3839A54E8811329 /* RefreshStatusStore.swift in Sources */,
				28FFBAFE26AA53391BE58F8A /* RelativeTimeFormatter.swift in Sources */,
				3A6B7091FB0380864D46D0DF /* SettingsStore.swift in Sources */,
				C396FD6973B5578FB255F347 /* SettingsView.swift in Sources */,
				68C7031842A9AACAC3D6093B /* SkeletonRowView.swift in Sources */,
				5F0DD48F38280E6E807BA236 /* SparkleUpdateService.swift in Sources */,
				4A28E95EF9E04798570463FE /* StatusBarController.swift in Sources */,
				CF7DEE83E2DE4606E324D57F /* StatusBarMenu.swift in Sources */,
				B39F23240A39CC07280734AD /* Theme.swift in Sources */,
				6CA714FFF4B889E6E964B50C /* TokenResponseParser.swift in Sources */,
				6B94C76691E0D5CB7FD32A27 /* URLSchemeRegistrar.swift in Sources */,
				BE7DEAE986A089F762CD6F80 /* UpdateManager.swift in Sources */,
				94B9058959C8690A0571C775 /* VercelAPIClient.swift in Sources */,
				3BCDBB31CD239DA53E3DCE04 /* VercelAPIClientImpl.swift in Sources */,
				F055321721D66116AA629334 /* VercelAuthConfig.swift in Sources */,
				DB7222F279BAE14F6C57BE77 /* VercelBarApp.swift in Sources */,
				0E6A2B9A44423C54FEDF8D54 /* VercelComponents.swift in Sources */,
				9416FF69C87E9D8F69FA3E78 /* VercelEndpoints.swift in Sources */,
			);
			runOnlyForDeploymentPostprocessing = 0;
		};
		D52CB4DDAD726F3F771E3A80 /* Sources */ = {
			isa = PBXSourcesBuildPhase;
			buildActionMask = 2147483647;
			files = (
				4D0CB70D8AA3AED59CB6779C /* AppDelegateIconTests.swift in Sources */,
				DD16BA4E94069B29D9219449 /* AppInstanceCheckerTests.swift in Sources */,
				9C390D1109BA034C847A4C89 /* AppInstanceCoordinatorTests.swift in Sources */,
				02EE945F8AD3C54D38AF3AD3 /* AppInstanceLockTests.swift in Sources */,
				ACE2C5D9EFD457621152A21F /* AuthSessionInitialStatusTests.swift in Sources */,
				EBC65C8EB06C6348D00FE3D7 /* AuthSessionPersonalScopeTests.swift in Sources */,
				772DD0D1F2E21D402CA3F1CE /* AuthSessionRecoveryTests.swift in Sources */,
				363FD8E7CF9185723137CD23 /* AuthSessionStateMismatchTests.swift in Sources */,
				E37EC40409B68AAD2160D1CB /* AuthSessionStateStoreTests.swift in Sources */,
				BB5E06E80FC82F779D95B294 /* CredentialStoreTests.swift in Sources */,
				712D425D87298BA4436D56DB /* DebugLogTests.swift in Sources */,
				DD3B85363F8ABD6943E9ECDC /* DiagnosticsStoreTests.swift in Sources */,
				A8231932A59DE6F683B675ED /* GeistColorTests.swift in Sources */,
				60DA88A378D9D90256DBB53D /* GeistLayoutTests.swift in Sources */,
				79BDF30C435D55C184B8986C /* OAuthErrorParserTests.swift in Sources */,
				8E7DA912210E03148E1DDA3F /* ProjectStoreTests.swift in Sources */,
				E0FC413A2E8D31CED64FBFDE /* RefreshEngineErrorTests.swift in Sources */,
				5A2E38CA910D06F9FC6A3FDC /* SparkleUpdateServiceTests.swift in Sources */,
				763CF1A318C93534FE50B30C /* StatusBarControllerTests.swift in Sources */,
				286174B490A588F24C2DC2A0 /* TokenPairTests.swift in Sources */,
				B234265E4899566EFB0383DC /* TokenResponseParserTests.swift in Sources */,
				52B2572C4D67CDD9A19AAE95 /* URLSchemeRegistrarTests.swift in Sources */,
				0948FC1E1A5D31A7E5814A0B /* UpdateManagerTests.swift in Sources */,
			);
			runOnlyForDeploymentPostprocessing = 0;
		};
/* End PBXSourcesBuildPhase section */

/* Begin PBXTargetDependency section */
		660D8A6B98715E765A666BD1 /* PBXTargetDependency */ = {
			isa = PBXTargetDependency;
			target = EA03CF59AC11C1653F0DB8DC /* VercelBar */;
			targetProxy = 498672091BDEA73697DEFC6B /* PBXContainerItemProxy */;
		};
/* End PBXTargetDependency section */

/* Begin XCBuildConfiguration section */
		009C0B2174209EA70BCBBA0A /* Release */ = {
			isa = XCBuildConfiguration;
			buildSettings = {
				BUNDLE_LOADER = "$(TEST_HOST)";
				COMBINE_HIDPI_IMAGES = YES;
				GENERATE_INFOPLIST_FILE = YES;
				LD_RUNPATH_SEARCH_PATHS = (
					"$(inherited)",
					"@executable_path/../Frameworks",
					"@loader_path/../Frameworks",
				);
				PRODUCT_BUNDLE_IDENTIFIER = com.example.VercelBarTests;
				SDKROOT = macosx;
				TEST_HOST = "$(BUILT_PRODUCTS_DIR)/VercelBar.app/Contents/MacOS/VercelBar";
			};
			name = Release;
		};
		1EAE12208DDE8DC4D231F927 /* Debug */ = {
			isa = XCBuildConfiguration;
			baseConfigurationReference = 858A57344C72FDF789217A19 /* Secrets.xcconfig */;
			buildSettings = {
				ASSETCATALOG_COMPILER_APPICON_NAME = AppIcon;
				CODE_SIGN_STYLE = Automatic;
				COMBINE_HIDPI_IMAGES = YES;
				INFOPLIST_FILE = App/Info.plist;
				LD_RUNPATH_SEARCH_PATHS = (
					"$(inherited)",
					"@executable_path/../Frameworks",
				);
				PRODUCT_BUNDLE_IDENTIFIER = com.example.VercelBar;
				SDKROOT = macosx;
			};
			name = Debug;
		};
		518F32FADBC43FD76DAFD842 /* Release */ = {
			isa = XCBuildConfiguration;
			buildSettings = {
				ALWAYS_SEARCH_USER_PATHS = NO;
				CLANG_ANALYZER_NONNULL = YES;
				CLANG_ANALYZER_NUMBER_OBJECT_CONVERSION = YES_AGGRESSIVE;
				CLANG_CXX_LANGUAGE_STANDARD = "gnu++14";
				CLANG_CXX_LIBRARY = "libc++";
				CLANG_ENABLE_MODULES = YES;
				CLANG_ENABLE_OBJC_ARC = YES;
				CLANG_ENABLE_OBJC_WEAK = YES;
				CLANG_WARN_BLOCK_CAPTURE_AUTORELEASING = YES;
				CLANG_WARN_BOOL_CONVERSION = YES;
				CLANG_WARN_COMMA = YES;
				CLANG_WARN_CONSTANT_CONVERSION = YES;
				CLANG_WARN_DEPRECATED_OBJC_IMPLEMENTATIONS = YES;
				CLANG_WARN_DIRECT_OBJC_ISA_USAGE = YES_ERROR;
				CLANG_WARN_DOCUMENTATION_COMMENTS = YES;
				CLANG_WARN_EMPTY_BODY = YES;
				CLANG_WARN_ENUM_CONVERSION = YES;
				CLANG_WARN_INFINITE_RECURSION = YES;
				CLANG_WARN_INT_CONVERSION = YES;
				CLANG_WARN_NON_LITERAL_NULL_CONVERSION = YES;
				CLANG_WARN_OBJC_IMPLICIT_RETAIN_SELF = YES;
				CLANG_WARN_OBJC_LITERAL_CONVERSION = YES;
				CLANG_WARN_OBJC_ROOT_CLASS = YES_ERROR;
				CLANG_WARN_QUOTED_INCLUDE_IN_FRAMEWORK_HEADER = YES;
				CLANG_WARN_RANGE_LOOP_ANALYSIS = YES;
				CLANG_WARN_STRICT_PROTOTYPES = YES;
				CLANG_WARN_SUSPICIOUS_MOVE = YES;
				CLANG_WARN_UNGUARDED_AVAILABILITY = YES_AGGRESSIVE;
				CLANG_WARN_UNREACHABLE_CODE = YES;
				CLANG_WARN__DUPLICATE_METHOD_MATCH = YES;
				COPY_PHASE_STRIP = NO;
				DEBUG_INFORMATION_FORMAT = "dwarf-with-dsym";
				ENABLE_NS_ASSERTIONS = NO;
				ENABLE_STRICT_OBJC_MSGSEND = YES;
				GCC_C_LANGUAGE_STANDARD = gnu11;
				GCC_NO_COMMON_BLOCKS = YES;
				GCC_WARN_64_TO_32_BIT_CONVERSION = YES;
				GCC_WARN_ABOUT_RETURN_TYPE = YES_ERROR;
				GCC_WARN_UNDECLARED_SELECTOR = YES;
				GCC_WARN_UNINITIALIZED_AUTOS = YES_AGGRESSIVE;
				GCC_WARN_UNUSED_FUNCTION = YES;
				GCC_WARN_UNUSED_VARIABLE = YES;
				MACOSX_DEPLOYMENT_TARGET = 14.0;
				MTL_ENABLE_DEBUG_INFO = NO;
				MTL_FAST_MATH = YES;
				PRODUCT_NAME = "$(TARGET_NAME)";
				SDKROOT = macosx;
				SPARKLE_PUBLIC_ED_KEY = "$(SPARKLE_PUBLIC_ED_KEY)";
				SWIFT_COMPILATION_MODE = wholemodule;
				SWIFT_OPTIMIZATION_LEVEL = "-O";
				SWIFT_VERSION = 5.9;
				VERCEL_CLIENT_ID = "$(VERCEL_CLIENT_ID)";
				VERCEL_CLIENT_SECRET = "$(VERCEL_CLIENT_SECRET)";
				VERCEL_REDIRECT_URI = "$(VERCEL_REDIRECT_URI)";
				VERCEL_SCOPES = "$(VERCEL_SCOPES)";
			};
			name = Release;
		};
		9785EE032F0657FFFBC1158F /* Debug */ = {
			isa = XCBuildConfiguration;
			buildSettings = {
				ALWAYS_SEARCH_USER_PATHS = NO;
				CLANG_ANALYZER_NONNULL = YES;
				CLANG_ANALYZER_NUMBER_OBJECT_CONVERSION = YES_AGGRESSIVE;
				CLANG_CXX_LANGUAGE_STANDARD = "gnu++14";
				CLANG_CXX_LIBRARY = "libc++";
				CLANG_ENABLE_MODULES = YES;
				CLANG_ENABLE_OBJC_ARC = YES;
				CLANG_ENABLE_OBJC_WEAK = YES;
				CLANG_WARN_BLOCK_CAPTURE_AUTORELEASING = YES;
				CLANG_WARN_BOOL_CONVERSION = YES;
				CLANG_WARN_COMMA = YES;
				CLANG_WARN_CONSTANT_CONVERSION = YES;
				CLANG_WARN_DEPRECATED_OBJC_IMPLEMENTATIONS = YES;
				CLANG_WARN_DIRECT_OBJC_ISA_USAGE = YES_ERROR;
				CLANG_WARN_DOCUMENTATION_COMMENTS = YES;
				CLANG_WARN_EMPTY_BODY = YES;
				CLANG_WARN_ENUM_CONVERSION = YES;
				CLANG_WARN_INFINITE_RECURSION = YES;
				CLANG_WARN_INT_CONVERSION = YES;
				CLANG_WARN_NON_LITERAL_NULL_CONVERSION = YES;
				CLANG_WARN_OBJC_IMPLICIT_RETAIN_SELF = YES;
				CLANG_WARN_OBJC_LITERAL_CONVERSION = YES;
				CLANG_WARN_OBJC_ROOT_CLASS = YES_ERROR;
				CLANG_WARN_QUOTED_INCLUDE_IN_FRAMEWORK_HEADER = YES;
				CLANG_WARN_RANGE_LOOP_ANALYSIS = YES;
				CLANG_WARN_STRICT_PROTOTYPES = YES;
				CLANG_WARN_SUSPICIOUS_MOVE = YES;
				CLANG_WARN_UNGUARDED_AVAILABILITY = YES_AGGRESSIVE;
				CLANG_WARN_UNREACHABLE_CODE = YES;
				CLANG_WARN__DUPLICATE_METHOD_MATCH = YES;
				COPY_PHASE_STRIP = NO;
				DEBUG_INFORMATION_FORMAT = dwarf;
				ENABLE_STRICT_OBJC_MSGSEND = YES;
				ENABLE_TESTABILITY = YES;
				GCC_C_LANGUAGE_STANDARD = gnu11;
				GCC_DYNAMIC_NO_PIC = NO;
				GCC_NO_COMMON_BLOCKS = YES;
				GCC_OPTIMIZATION_LEVEL = 0;
				GCC_PREPROCESSOR_DEFINITIONS = (
					"$(inherited)",
					"DEBUG=1",
				);
				GCC_WARN_64_TO_32_BIT_CONVERSION = YES;
				GCC_WARN_ABOUT_RETURN_TYPE = YES_ERROR;
				GCC_WARN_UNDECLARED_SELECTOR = YES;
				GCC_WARN_UNINITIALIZED_AUTOS = YES_AGGRESSIVE;
				GCC_WARN_UNUSED_FUNCTION = YES;
				GCC_WARN_UNUSED_VARIABLE = YES;
				MACOSX_DEPLOYMENT_TARGET = 14.0;
				MTL_ENABLE_DEBUG_INFO = INCLUDE_SOURCE;
				MTL_FAST_MATH = YES;
				ONLY_ACTIVE_ARCH = YES;
				PRODUCT_NAME = "$(TARGET_NAME)";
				SDKROOT = macosx;
				SPARKLE_PUBLIC_ED_KEY = "$(SPARKLE_PUBLIC_ED_KEY)";
				SWIFT_ACTIVE_COMPILATION_CONDITIONS = DEBUG;
				SWIFT_OPTIMIZATION_LEVEL = "-Onone";
				SWIFT_VERSION = 5.9;
				VERCEL_CLIENT_ID = "$(VERCEL_CLIENT_ID)";
				VERCEL_CLIENT_SECRET = "$(VERCEL_CLIENT_SECRET)";
				VERCEL_REDIRECT_URI = "$(VERCEL_REDIRECT_URI)";
				VERCEL_SCOPES = "$(VERCEL_SCOPES)";
			};
			name = Debug;
		};
		D04EA2E8272656240CD6AB2D /* Release */ = {
			isa = XCBuildConfiguration;
			baseConfigurationReference = 858A57344C72FDF789217A19 /* Secrets.xcconfig */;
			buildSettings = {
				ASSETCATALOG_COMPILER_APPICON_NAME = AppIcon;
				CODE_SIGN_STYLE = Automatic;
				COMBINE_HIDPI_IMAGES = YES;
				INFOPLIST_FILE = App/Info.plist;
				LD_RUNPATH_SEARCH_PATHS = (
					"$(inherited)",
					"@executable_path/../Frameworks",
				);
				PRODUCT_BUNDLE_IDENTIFIER = com.example.VercelBar;
				SDKROOT = macosx;
			};
			name = Release;
		};
		D34A6ED21E0912B3F633C7A7 /* Debug */ = {
			isa = XCBuildConfiguration;
			buildSettings = {
				BUNDLE_LOADER = "$(TEST_HOST)";
				COMBINE_HIDPI_IMAGES = YES;
				GENERATE_INFOPLIST_FILE = YES;
				LD_RUNPATH_SEARCH_PATHS = (
					"$(inherited)",
					"@executable_path/../Frameworks",
					"@loader_path/../Frameworks",
				);
				PRODUCT_BUNDLE_IDENTIFIER = com.example.VercelBarTests;
				SDKROOT = macosx;
				TEST_HOST = "$(BUILT_PRODUCTS_DIR)/VercelBar.app/Contents/MacOS/VercelBar";
			};
			name = Debug;
		};
/* End XCBuildConfiguration section */

/* Begin XCConfigurationList section */
		0C14AE027459AB594C884136 /* Build configuration list for PBXNativeTarget "VercelBar" */ = {
			isa = XCConfigurationList;
			buildConfigurations = (
				1EAE12208DDE8DC4D231F927 /* Debug */,
				D04EA2E8272656240CD6AB2D /* Release */,
			);
			defaultConfigurationIsVisible = 0;
			defaultConfigurationName = Debug;
		};
		DDE10A31DC5168285CD53D2E /* Build configuration list for PBXProject "VercelBar" */ = {
			isa = XCConfigurationList;
			buildConfigurations = (
				9785EE032F0657FFFBC1158F /* Debug */,
				518F32FADBC43FD76DAFD842 /* Release */,
			);
			defaultConfigurationIsVisible = 0;
			defaultConfigurationName = Debug;
		};
		F2D898930681EEF07D88108D /* Build configuration list for PBXNativeTarget "VercelBarTests" */ = {
			isa = XCConfigurationList;
			buildConfigurations = (
				D34A6ED21E0912B3F633C7A7 /* Debug */,
				009C0B2174209EA70BCBBA0A /* Release */,
			);
			defaultConfigurationIsVisible = 0;
			defaultConfigurationName = Debug;
		};
/* End XCConfigurationList section */

/* Begin XCRemoteSwiftPackageReference section */
		F0635249508C13F1A1A946AD /* XCRemoteSwiftPackageReference "Sparkle" */ = {
			isa = XCRemoteSwiftPackageReference;
			repositoryURL = "https://github.com/sparkle-project/Sparkle.git";
			requirement = {
				kind = upToNextMajorVersion;
				minimumVersion = 2.6.4;
			};
		};
/* End XCRemoteSwiftPackageReference section */

/* Begin XCSwiftPackageProductDependency section */
		C56084FE06760F92438F2644 /* Sparkle */ = {
			isa = XCSwiftPackageProductDependency;
			package = F0635249508C13F1A1A946AD /* XCRemoteSwiftPackageReference "Sparkle" */;
			productName = Sparkle;
		};
/* End XCSwiftPackageProductDependency section */
	};
	rootObject = 2EE8C96A7DC196C8B2C059DD /* Project object */;
}
